
Microsoft Visual Studio Solution File, Format Version 12.00
# Visual Studio Version 17
Project("{8BC9CEB8-8B4A-11D0-8D11-00A0C91BC942}") = "ALL_BUILD", "ALL_BUILD.vcxproj", "{D591D5E4-FCE1-3200-9A65-1E5BE19AB90A}"
	ProjectSection(ProjectDependencies) = postProject
		{AEB33287-CCAA-3EDC-803B-5D3799E8DBED} = {AEB33287-CCAA-3EDC-803B-5D3799E8DBED}
		{833E4724-C93C-3E9A-9FC4-6A414EFBB805} = {833E4724-C93C-3E9A-9FC4-6A414EFBB805}
	EndProjectSection
EndProject
Project("{8BC9CEB8-8B4A-11D0-8D11-00A0C91BC942}") = "ZERO_CHECK", "ZERO_CHECK.vcxproj", "{AEB33287-CCAA-3EDC-803B-5D3799E8DBED}"
	ProjectSection(ProjectDependencies) = postProject
	EndProjectSection
EndProject
Project("{8BC9CEB8-8B4A-11D0-8D11-00A0C91BC942}") = "res", "res.vcxproj", "{833E4724-C93C-3E9A-9FC4-6A414EFBB805}"
	ProjectSection(ProjectDependencies) = postProject
		{AEB33287-CCAA-3EDC-803B-5D3799E8DBED} = {AEB33287-CCAA-3EDC-803B-5D3799E8DBED}
	EndProjectSection
EndProject
Global
	GlobalSection(SolutionConfigurationPlatforms) = preSolution
		Debug|x64 = Debug|x64
		Release|x64 = Release|x64
		MinSizeRel|x64 = MinSizeRel|x64
		RelWithDebInfo|x64 = RelWithDebInfo|x64
	EndGlobalSection
	GlobalSection(ProjectConfigurationPlatforms) = postSolution
		{D591D5E4-FCE1-3200-9A65-1E5BE19AB90A}.Debug|x64.ActiveCfg = Debug|x64
		{D591D5E4-FCE1-3200-9A65-1E5BE19AB90A}.Release|x64.ActiveCfg = Release|x64
		{D591D5E4-FCE1-3200-9A65-1E5BE19AB90A}.MinSizeRel|x64.ActiveCfg = MinSizeRel|x64
		{D591D5E4-FCE1-3200-9A65-1E5BE19AB90A}.RelWithDebInfo|x64.ActiveCfg = RelWithDebInfo|x64
		{AEB33287-CCAA-3EDC-803B-5D3799E8DBED}.Debug|x64.ActiveCfg = Debug|x64
		{AEB33287-CCAA-3EDC-803B-5D3799E8DBED}.Debug|x64.Build.0 = Debug|x64
		{AEB33287-CCAA-3EDC-803B-5D3799E8DBED}.Release|x64.ActiveCfg = Release|x64
		{AEB33287-CCAA-3EDC-803B-5D3799E8DBED}.Release|x64.Build.0 = Release|x64
		{AEB33287-CCAA-3EDC-803B-5D3799E8DBED}.MinSizeRel|x64.ActiveCfg = MinSizeRel|x64
		{AEB33287-CCAA-3EDC-803B-5D3799E8DBED}.MinSizeRel|x64.Build.0 = MinSizeRel|x64
		{AEB33287-CCAA-3EDC-803B-5D3799E8DBED}.RelWithDebInfo|x64.ActiveCfg = RelWithDebInfo|x64
		{AEB33287-CCAA-3EDC-803B-5D3799E8DBED}.RelWithDebInfo|x64.Build.0 = RelWithDebInfo|x64
		{833E4724-C93C-3E9A-9FC4-6A414EFBB805}.Debug|x64.ActiveCfg = Debug|x64
		{833E4724-C93C-3E9A-9FC4-6A414EFBB805}.Debug|x64.Build.0 = Debug|x64
		{833E4724-C93C-3E9A-9FC4-6A414EFBB805}.Release|x64.ActiveCfg = Release|x64
		{833E4724-C93C-3E9A-9FC4-6A414EFBB805}.Release|x64.Build.0 = Release|x64
		{833E4724-C93C-3E9A-9FC4-6A414EFBB805}.MinSizeRel|x64.ActiveCfg = MinSizeRel|x64
		{833E4724-C93C-3E9A-9FC4-6A414EFBB805}.MinSizeRel|x64.Build.0 = MinSizeRel|x64
		{833E4724-C93C-3E9A-9FC4-6A414EFBB805}.RelWithDebInfo|x64.ActiveCfg = RelWithDebInfo|x64
		{833E4724-C93C-3E9A-9FC4-6A414EFBB805}.RelWithDebInfo|x64.Build.0 = RelWithDebInfo|x64
	EndGlobalSection
	GlobalSection(ExtensibilityGlobals) = postSolution
		SolutionGuid = {84108DA4-73EF-3D1F-B6CF-1EA0F9D81BA0}
	EndGlobalSection
	GlobalSection(ExtensibilityAddIns) = postSolution
	EndGlobalSection
EndGlobal
