<?xml version="1.0" encoding="utf-8"?>
<Project ToolsVersion="17.0" xmlns="http://schemas.microsoft.com/developer/msbuild/2003">
  <ItemGroup>
    <ClCompile Include="C:\Users\student24\Documents\GitHub\lab1\res1\lab1.cpp">
      <Filter>Source Files</Filter>
    </ClCompile>
  </ItemGroup>
  <ItemGroup>
    <CustomBuild Include="C:\Users\student24\Documents\GitHub\lab1\res1\CMakeLists.txt" />
  </ItemGroup>
  <ItemGroup>
    <Filter Include="Source Files">
      <UniqueIdentifier>{EBA4000A-1FBA-3FC9-B7DB-703BDC086934}</UniqueIdentifier>
    </Filter>
  </ItemGroup>
</Project>
