<?xml version="1.0" encoding="utf-8"?>
<Project ToolsVersion="17.0" xmlns="http://schemas.microsoft.com/developer/msbuild/2003">
  <ItemGroup>
    <CustomBuild Include="C:\Users\Renata\Documents\GitHub\lab1\NewRes1\CMakeFiles\c8b4b0b3d7dc10da8213f13d55c64ca9\generate.stamp.rule">
      <Filter>CMake Rules</Filter>
    </CustomBuild>
  </ItemGroup>
  <ItemGroup>
    <Filter Include="CMake Rules">
      <UniqueIdentifier>{F5C7EC8F-A232-3EEC-8DC6-FC7B645FD880}</UniqueIdentifier>
    </Filter>
  </ItemGroup>
</Project>
